
Microsoft Visual Studio Solution File, Format Version 12.00
# Visual Studio Version 16
VisualStudioVersion = 16.0.29905.134
MinimumVisualStudioVersion = 10.0.40219.1
Project("{9A19103F-16F7-4668-BE54-9A1E7A4F7556}") = "eKnjige.WebaAPI", "eKnjige.WebaAPI\eKnjige.WebaAPI.csproj", "{34899436-9840-43E5-9565-6C2B742F95C5}"
EndProject
Project("{9A19103F-16F7-4668-BE54-9A1E7A4F7556}") = "eKnjige.Model", "eKnjige.Model\eKnjige.Model.csproj", "{292DA331-72EE-42E4-945C-BDEBEA0B1100}"
EndProject
Project("{2150E333-8FDC-42A3-9474-1A3956D46DE8}") = "UI", "UI", "{DDCDF8D9-2360-4927-ACC4-12EB30D9949E}"
EndProject
Project("{FAE04EC0-301F-11D3-BF4B-00C04F79EFBC}") = "eKnjige.WinUI", "eKnjige.WinUI\eKnjige.WinUI.csproj", "{FA968000-FE54-49E0-AAAF-BF8FD19A4AB5}"
EndProject
Project("{2150E333-8FDC-42A3-9474-1A3956D46DE8}") = "EKnjige.Mobile", "EKnjige.Mobile", "{32E260D8-D031-4FD6-A3F7-CB97CF1EC5BA}"
EndProject
Project("{FAE04EC0-301F-11D3-BF4B-00C04F79EFBC}") = "EKnjige.MobileApp.UWP", "EKnjige.MobileApp\EKnjige.MobileApp.UWP\EKnjige.MobileApp.UWP.csproj", "{5B607B22-CE48-40FB-95FA-DF30C9804991}"
EndProject
Project("{FAE04EC0-301F-11D3-BF4B-00C04F79EFBC}") = "EKnjige.MobileApp.Android", "EKnjige.MobileApp\EKnjige.MobileApp.Android\EKnjige.MobileApp.Android.csproj", "{C1545181-3765-4D81-8ECE-CF280B701721}"
EndProject
Project("{FAE04EC0-301F-11D3-BF4B-00C04F79EFBC}") = "EKnjige.MobileApp.iOS", "EKnjige.MobileApp\EKnjige.MobileApp.iOS\EKnjige.MobileApp.iOS.csproj", "{1D1ADB98-FD32-4029-8FB2-8DA679CAF467}"
EndProject
Project("{9A19103F-16F7-4668-BE54-9A1E7A4F7556}") = "EKnjige.MobileApp", "EKnjige.MobileApp\EKnjige.MobileApp\EKnjige.MobileApp.csproj", "{E53CBA60-4E3F-49A4-AA81-3851166AB4DC}"
EndProject
Global
	GlobalSection(SolutionConfigurationPlatforms) = preSolution
		Debug|Any CPU = Debug|Any CPU
		Debug|ARM = Debug|ARM
		Debug|iPhone = Debug|iPhone
		Debug|iPhoneSimulator = Debug|iPhoneSimulator
		Debug|x64 = Debug|x64
		Debug|x86 = Debug|x86
		Release|Any CPU = Release|Any CPU
		Release|ARM = Release|ARM
		Release|iPhone = Release|iPhone
		Release|iPhoneSimulator = Release|iPhoneSimulator
		Release|x64 = Release|x64
		Release|x86 = Release|x86
	EndGlobalSection
	GlobalSection(ProjectConfigurationPlatforms) = postSolution
		{34899436-9840-43E5-9565-6C2B742F95C5}.Debug|Any CPU.ActiveCfg = Debug|Any CPU
		{34899436-9840-43E5-9565-6C2B742F95C5}.Debug|Any CPU.Build.0 = Debug|Any CPU
		{34899436-9840-43E5-9565-6C2B742F95C5}.Debug|ARM.ActiveCfg = Debug|Any CPU
		{34899436-9840-43E5-9565-6C2B742F95C5}.Debug|ARM.Build.0 = Debug|Any CPU
		{34899436-9840-43E5-9565-6C2B742F95C5}.Debug|iPhone.ActiveCfg = Debug|Any CPU
		{34899436-9840-43E5-9565-6C2B742F95C5}.Debug|iPhone.Build.0 = Debug|Any CPU
		{34899436-9840-43E5-9565-6C2B742F95C5}.Debug|iPhoneSimulator.ActiveCfg = Debug|Any CPU
		{34899436-9840-43E5-9565-6C2B742F95C5}.Debug|iPhoneSimulator.Build.0 = Debug|Any CPU
		{34899436-9840-43E5-9565-6C2B742F95C5}.Debug|x64.ActiveCfg = Debug|Any CPU
		{34899436-9840-43E5-9565-6C2B742F95C5}.Debug|x64.Build.0 = Debug|Any CPU
		{34899436-9840-43E5-9565-6C2B742F95C5}.Debug|x86.ActiveCfg = Debug|Any CPU
		{34899436-9840-43E5-9565-6C2B742F95C5}.Debug|x86.Build.0 = Debug|Any CPU
		{34899436-9840-43E5-9565-6C2B742F95C5}.Release|Any CPU.ActiveCfg = Release|Any CPU
		{34899436-9840-43E5-9565-6C2B742F95C5}.Release|Any CPU.Build.0 = Release|Any CPU
		{34899436-9840-43E5-9565-6C2B742F95C5}.Release|ARM.ActiveCfg = Release|Any CPU
		{34899436-9840-43E5-9565-6C2B742F95C5}.Release|ARM.Build.0 = Release|Any CPU
		{34899436-9840-43E5-9565-6C2B742F95C5}.Release|iPhone.ActiveCfg = Release|Any CPU
		{34899436-9840-43E5-9565-6C2B742F95C5}.Release|iPhone.Build.0 = Release|Any CPU
		{34899436-9840-43E5-9565-6C2B742F95C5}.Release|iPhoneSimulator.ActiveCfg = Release|Any CPU
		{34899436-9840-43E5-9565-6C2B742F95C5}.Release|iPhoneSimulator.Build.0 = Release|Any CPU
		{34899436-9840-43E5-9565-6C2B742F95C5}.Release|x64.ActiveCfg = Release|Any CPU
		{34899436-9840-43E5-9565-6C2B742F95C5}.Release|x64.Build.0 = Release|Any CPU
		{34899436-9840-43E5-9565-6C2B742F95C5}.Release|x86.ActiveCfg = Release|Any CPU
		{34899436-9840-43E5-9565-6C2B742F95C5}.Release|x86.Build.0 = Release|Any CPU
		{292DA331-72EE-42E4-945C-BDEBEA0B1100}.Debug|Any CPU.ActiveCfg = Debug|Any CPU
		{292DA331-72EE-42E4-945C-BDEBEA0B1100}.Debug|Any CPU.Build.0 = Debug|Any CPU
		{292DA331-72EE-42E4-945C-BDEBEA0B1100}.Debug|ARM.ActiveCfg = Debug|Any CPU
		{292DA331-72EE-42E4-945C-BDEBEA0B1100}.Debug|ARM.Build.0 = Debug|Any CPU
		{292DA331-72EE-42E4-945C-BDEBEA0B1100}.Debug|iPhone.ActiveCfg = Debug|Any CPU
		{292DA331-72EE-42E4-945C-BDEBEA0B1100}.Debug|iPhone.Build.0 = Debug|Any CPU
		{292DA331-72EE-42E4-945C-BDEBEA0B1100}.Debug|iPhoneSimulator.ActiveCfg = Debug|Any CPU
		{292DA331-72EE-42E4-945C-BDEBEA0B1100}.Debug|iPhoneSimulator.Build.0 = Debug|Any CPU
		{292DA331-72EE-42E4-945C-BDEBEA0B1100}.Debug|x64.ActiveCfg = Debug|Any CPU
		{292DA331-72EE-42E4-945C-BDEBEA0B1100}.Debug|x64.Build.0 = Debug|Any CPU
		{292DA331-72EE-42E4-945C-BDEBEA0B1100}.Debug|x86.ActiveCfg = Debug|Any CPU
		{292DA331-72EE-42E4-945C-BDEBEA0B1100}.Debug|x86.Build.0 = Debug|Any CPU
		{292DA331-72EE-42E4-945C-BDEBEA0B1100}.Release|Any CPU.ActiveCfg = Release|Any CPU
		{292DA331-72EE-42E4-945C-BDEBEA0B1100}.Release|Any CPU.Build.0 = Release|Any CPU
		{292DA331-72EE-42E4-945C-BDEBEA0B1100}.Release|ARM.ActiveCfg = Release|Any CPU
		{292DA331-72EE-42E4-945C-BDEBEA0B1100}.Release|ARM.Build.0 = Release|Any CPU
		{292DA331-72EE-42E4-945C-BDEBEA0B1100}.Release|iPhone.ActiveCfg = Release|Any CPU
		{292DA331-72EE-42E4-945C-BDEBEA0B1100}.Release|iPhone.Build.0 = Release|Any CPU
		{292DA331-72EE-42E4-945C-BDEBEA0B1100}.Release|iPhoneSimulator.ActiveCfg = Release|Any CPU
		{292DA331-72EE-42E4-945C-BDEBEA0B1100}.Release|iPhoneSimulator.Build.0 = Release|Any CPU
		{292DA331-72EE-42E4-945C-BDEBEA0B1100}.Release|x64.ActiveCfg = Release|Any CPU
		{292DA331-72EE-42E4-945C-BDEBEA0B1100}.Release|x64.Build.0 = Release|Any CPU
		{292DA331-72EE-42E4-945C-BDEBEA0B1100}.Release|x86.ActiveCfg = Release|Any CPU
		{292DA331-72EE-42E4-945C-BDEBEA0B1100}.Release|x86.Build.0 = Release|Any CPU
		{FA968000-FE54-49E0-AAAF-BF8FD19A4AB5}.Debug|Any CPU.ActiveCfg = Debug|Any CPU
		{FA968000-FE54-49E0-AAAF-BF8FD19A4AB5}.Debug|Any CPU.Build.0 = Debug|Any CPU
		{FA968000-FE54-49E0-AAAF-BF8FD19A4AB5}.Debug|ARM.ActiveCfg = Debug|Any CPU
		{FA968000-FE54-49E0-AAAF-BF8FD19A4AB5}.Debug|ARM.Build.0 = Debug|Any CPU
		{FA968000-FE54-49E0-AAAF-BF8FD19A4AB5}.Debug|iPhone.ActiveCfg = Debug|Any CPU
		{FA968000-FE54-49E0-AAAF-BF8FD19A4AB5}.Debug|iPhone.Build.0 = Debug|Any CPU
		{FA968000-FE54-49E0-AAAF-BF8FD19A4AB5}.Debug|iPhoneSimulator.ActiveCfg = Debug|Any CPU
		{FA968000-FE54-49E0-AAAF-BF8FD19A4AB5}.Debug|iPhoneSimulator.Build.0 = Debug|Any CPU
		{FA968000-FE54-49E0-AAAF-BF8FD19A4AB5}.Debug|x64.ActiveCfg = Debug|Any CPU
		{FA968000-FE54-49E0-AAAF-BF8FD19A4AB5}.Debug|x64.Build.0 = Debug|Any CPU
		{FA968000-FE54-49E0-AAAF-BF8FD19A4AB5}.Debug|x86.ActiveCfg = Debug|Any CPU
		{FA968000-FE54-49E0-AAAF-BF8FD19A4AB5}.Debug|x86.Build.0 = Debug|Any CPU
		{FA968000-FE54-49E0-AAAF-BF8FD19A4AB5}.Release|Any CPU.ActiveCfg = Release|Any CPU
		{FA968000-FE54-49E0-AAAF-BF8FD19A4AB5}.Release|Any CPU.Build.0 = Release|Any CPU
		{FA968000-FE54-49E0-AAAF-BF8FD19A4AB5}.Release|ARM.ActiveCfg = Release|Any CPU
		{FA968000-FE54-49E0-AAAF-BF8FD19A4AB5}.Release|ARM.Build.0 = Release|Any CPU
		{FA968000-FE54-49E0-AAAF-BF8FD19A4AB5}.Release|iPhone.ActiveCfg = Release|Any CPU
		{FA968000-FE54-49E0-AAAF-BF8FD19A4AB5}.Release|iPhone.Build.0 = Release|Any CPU
		{FA968000-FE54-49E0-AAAF-BF8FD19A4AB5}.Release|iPhoneSimulator.ActiveCfg = Release|Any CPU
		{FA968000-FE54-49E0-AAAF-BF8FD19A4AB5}.Release|iPhoneSimulator.Build.0 = Release|Any CPU
		{FA968000-FE54-49E0-AAAF-BF8FD19A4AB5}.Release|x64.ActiveCfg = Release|Any CPU
		{FA968000-FE54-49E0-AAAF-BF8FD19A4AB5}.Release|x64.Build.0 = Release|Any CPU
		{FA968000-FE54-49E0-AAAF-BF8FD19A4AB5}.Release|x86.ActiveCfg = Release|Any CPU
		{FA968000-FE54-49E0-AAAF-BF8FD19A4AB5}.Release|x86.Build.0 = Release|Any CPU
		{5B607B22-CE48-40FB-95FA-DF30C9804991}.Debug|Any CPU.ActiveCfg = Debug|x86
		{5B607B22-CE48-40FB-95FA-DF30C9804991}.Debug|Any CPU.Build.0 = Debug|x86
		{5B607B22-CE48-40FB-95FA-DF30C9804991}.Debug|Any CPU.Deploy.0 = Debug|x86
		{5B607B22-CE48-40FB-95FA-DF30C9804991}.Debug|ARM.ActiveCfg = Debug|ARM
		{5B607B22-CE48-40FB-95FA-DF30C9804991}.Debug|ARM.Build.0 = Debug|ARM
		{5B607B22-CE48-40FB-95FA-DF30C9804991}.Debug|ARM.Deploy.0 = Debug|ARM
		{5B607B22-CE48-40FB-95FA-DF30C9804991}.Debug|iPhone.ActiveCfg = Debug|x86
		{5B607B22-CE48-40FB-95FA-DF30C9804991}.Debug|iPhoneSimulator.ActiveCfg = Debug|x86
		{5B607B22-CE48-40FB-95FA-DF30C9804991}.Debug|x64.ActiveCfg = Debug|x64
		{5B607B22-CE48-40FB-95FA-DF30C9804991}.Debug|x64.Build.0 = Debug|x64
		{5B607B22-CE48-40FB-95FA-DF30C9804991}.Debug|x64.Deploy.0 = Debug|x64
		{5B607B22-CE48-40FB-95FA-DF30C9804991}.Debug|x86.ActiveCfg = Debug|x86
		{5B607B22-CE48-40FB-95FA-DF30C9804991}.Debug|x86.Build.0 = Debug|x86
		{5B607B22-CE48-40FB-95FA-DF30C9804991}.Debug|x86.Deploy.0 = Debug|x86
		{5B607B22-CE48-40FB-95FA-DF30C9804991}.Release|Any CPU.ActiveCfg = Release|x86
		{5B607B22-CE48-40FB-95FA-DF30C9804991}.Release|ARM.ActiveCfg = Release|ARM
		{5B607B22-CE48-40FB-95FA-DF30C9804991}.Release|ARM.Build.0 = Release|ARM
		{5B607B22-CE48-40FB-95FA-DF30C9804991}.Release|ARM.Deploy.0 = Release|ARM
		{5B607B22-CE48-40FB-95FA-DF30C9804991}.Release|iPhone.ActiveCfg = Release|x86
		{5B607B22-CE48-40FB-95FA-DF30C9804991}.Release|iPhoneSimulator.ActiveCfg = Release|x86
		{5B607B22-CE48-40FB-95FA-DF30C9804991}.Release|x64.ActiveCfg = Release|x64
		{5B607B22-CE48-40FB-95FA-DF30C9804991}.Release|x64.Build.0 = Release|x64
		{5B607B22-CE48-40FB-95FA-DF30C9804991}.Release|x64.Deploy.0 = Release|x64
		{5B607B22-CE48-40FB-95FA-DF30C9804991}.Release|x86.ActiveCfg = Release|x86
		{5B607B22-CE48-40FB-95FA-DF30C9804991}.Release|x86.Build.0 = Release|x86
		{5B607B22-CE48-40FB-95FA-DF30C9804991}.Release|x86.Deploy.0 = Release|x86
		{C1545181-3765-4D81-8ECE-CF280B701721}.Debug|Any CPU.ActiveCfg = Debug|Any CPU
		{C1545181-3765-4D81-8ECE-CF280B701721}.Debug|Any CPU.Build.0 = Debug|Any CPU
		{C1545181-3765-4D81-8ECE-CF280B701721}.Debug|ARM.ActiveCfg = Debug|Any CPU
		{C1545181-3765-4D81-8ECE-CF280B701721}.Debug|ARM.Build.0 = Debug|Any CPU
		{C1545181-3765-4D81-8ECE-CF280B701721}.Debug|ARM.Deploy.0 = Debug|Any CPU
		{C1545181-3765-4D81-8ECE-CF280B701721}.Debug|iPhone.ActiveCfg = Debug|Any CPU
		{C1545181-3765-4D81-8ECE-CF280B701721}.Debug|iPhone.Build.0 = Debug|Any CPU
		{C1545181-3765-4D81-8ECE-CF280B701721}.Debug|iPhone.Deploy.0 = Debug|Any CPU
		{C1545181-3765-4D81-8ECE-CF280B701721}.Debug|iPhoneSimulator.ActiveCfg = Debug|Any CPU
		{C1545181-3765-4D81-8ECE-CF280B701721}.Debug|iPhoneSimulator.Build.0 = Debug|Any CPU
		{C1545181-3765-4D81-8ECE-CF280B701721}.Debug|iPhoneSimulator.Deploy.0 = Debug|Any CPU
		{C1545181-3765-4D81-8ECE-CF280B701721}.Debug|x64.ActiveCfg = Debug|Any CPU
		{C1545181-3765-4D81-8ECE-CF280B701721}.Debug|x64.Build.0 = Debug|Any CPU
		{C1545181-3765-4D81-8ECE-CF280B701721}.Debug|x64.Deploy.0 = Debug|Any CPU
		{C1545181-3765-4D81-8ECE-CF280B701721}.Debug|x86.ActiveCfg = Debug|Any CPU
		{C1545181-3765-4D81-8ECE-CF280B701721}.Debug|x86.Build.0 = Debug|Any CPU
		{C1545181-3765-4D81-8ECE-CF280B701721}.Debug|x86.Deploy.0 = Debug|Any CPU
		{C1545181-3765-4D81-8ECE-CF280B701721}.Release|Any CPU.ActiveCfg = Release|Any CPU
		{C1545181-3765-4D81-8ECE-CF280B701721}.Release|Any CPU.Build.0 = Release|Any CPU
		{C1545181-3765-4D81-8ECE-CF280B701721}.Release|Any CPU.Deploy.0 = Release|Any CPU
		{C1545181-3765-4D81-8ECE-CF280B701721}.Release|ARM.ActiveCfg = Release|Any CPU
		{C1545181-3765-4D81-8ECE-CF280B701721}.Release|ARM.Build.0 = Release|Any CPU
		{C1545181-3765-4D81-8ECE-CF280B701721}.Release|ARM.Deploy.0 = Release|Any CPU
		{C1545181-3765-4D81-8ECE-CF280B701721}.Release|iPhone.ActiveCfg = Release|Any CPU
		{C1545181-3765-4D81-8ECE-CF280B701721}.Release|iPhone.Build.0 = Release|Any CPU
		{C1545181-3765-4D81-8ECE-CF280B701721}.Release|iPhone.Deploy.0 = Release|Any CPU
		{C1545181-3765-4D81-8ECE-CF280B701721}.Release|iPhoneSimulator.ActiveCfg = Release|Any CPU
		{C1545181-3765-4D81-8ECE-CF280B701721}.Release|iPhoneSimulator.Build.0 = Release|Any CPU
		{C1545181-3765-4D81-8ECE-CF280B701721}.Release|iPhoneSimulator.Deploy.0 = Release|Any CPU
		{C1545181-3765-4D81-8ECE-CF280B701721}.Release|x64.ActiveCfg = Release|Any CPU
		{C1545181-3765-4D81-8ECE-CF280B701721}.Release|x64.Build.0 = Release|Any CPU
		{C1545181-3765-4D81-8ECE-CF280B701721}.Release|x64.Deploy.0 = Release|Any CPU
		{C1545181-3765-4D81-8ECE-CF280B701721}.Release|x86.ActiveCfg = Release|Any CPU
		{C1545181-3765-4D81-8ECE-CF280B701721}.Release|x86.Build.0 = Release|Any CPU
		{C1545181-3765-4D81-8ECE-CF280B701721}.Release|x86.Deploy.0 = Release|Any CPU
		{1D1ADB98-FD32-4029-8FB2-8DA679CAF467}.Debug|Any CPU.ActiveCfg = Debug|iPhone
		{1D1ADB98-FD32-4029-8FB2-8DA679CAF467}.Debug|ARM.ActiveCfg = Debug|iPhone
		{1D1ADB98-FD32-4029-8FB2-8DA679CAF467}.Debug|iPhone.ActiveCfg = Debug|iPhone
		{1D1ADB98-FD32-4029-8FB2-8DA679CAF467}.Debug|iPhone.Build.0 = Debug|iPhone
		{1D1ADB98-FD32-4029-8FB2-8DA679CAF467}.Debug|iPhoneSimulator.ActiveCfg = Debug|iPhoneSimulator
		{1D1ADB98-FD32-4029-8FB2-8DA679CAF467}.Debug|iPhoneSimulator.Build.0 = Debug|iPhoneSimulator
		{1D1ADB98-FD32-4029-8FB2-8DA679CAF467}.Debug|x64.ActiveCfg = Debug|iPhone
		{1D1ADB98-FD32-4029-8FB2-8DA679CAF467}.Debug|x86.ActiveCfg = Debug|iPhone
		{1D1ADB98-FD32-4029-8FB2-8DA679CAF467}.Release|Any CPU.ActiveCfg = Release|iPhone
		{1D1ADB98-FD32-4029-8FB2-8DA679CAF467}.Release|ARM.ActiveCfg = Release|iPhone
		{1D1ADB98-FD32-4029-8FB2-8DA679CAF467}.Release|iPhone.ActiveCfg = Release|iPhone
		{1D1ADB98-FD32-4029-8FB2-8DA679CAF467}.Release|iPhone.Build.0 = Release|iPhone
		{1D1ADB98-FD32-4029-8FB2-8DA679CAF467}.Release|iPhoneSimulator.ActiveCfg = Release|iPhoneSimulator
		{1D1ADB98-FD32-4029-8FB2-8DA679CAF467}.Release|iPhoneSimulator.Build.0 = Release|iPhoneSimulator
		{1D1ADB98-FD32-4029-8FB2-8DA679CAF467}.Release|x64.ActiveCfg = Release|iPhone
		{1D1ADB98-FD32-4029-8FB2-8DA679CAF467}.Release|x86.ActiveCfg = Release|iPhone
		{E53CBA60-4E3F-49A4-AA81-3851166AB4DC}.Debug|Any CPU.ActiveCfg = Debug|Any CPU
		{E53CBA60-4E3F-49A4-AA81-3851166AB4DC}.Debug|Any CPU.Build.0 = Debug|Any CPU
		{E53CBA60-4E3F-49A4-AA81-3851166AB4DC}.Debug|ARM.ActiveCfg = Debug|Any CPU
		{E53CBA60-4E3F-49A4-AA81-3851166AB4DC}.Debug|ARM.Build.0 = Debug|Any CPU
		{E53CBA60-4E3F-49A4-AA81-3851166AB4DC}.Debug|iPhone.ActiveCfg = Debug|Any CPU
		{E53CBA60-4E3F-49A4-AA81-3851166AB4DC}.Debug|iPhone.Build.0 = Debug|Any CPU
		{E53CBA60-4E3F-49A4-AA81-3851166AB4DC}.Debug|iPhoneSimulator.ActiveCfg = Debug|Any CPU
		{E53CBA60-4E3F-49A4-AA81-3851166AB4DC}.Debug|iPhoneSimulator.Build.0 = Debug|Any CPU
		{E53CBA60-4E3F-49A4-AA81-3851166AB4DC}.Debug|x64.ActiveCfg = Debug|Any CPU
		{E53CBA60-4E3F-49A4-AA81-3851166AB4DC}.Debug|x64.Build.0 = Debug|Any CPU
		{E53CBA60-4E3F-49A4-AA81-3851166AB4DC}.Debug|x86.ActiveCfg = Debug|Any CPU
		{E53CBA60-4E3F-49A4-AA81-3851166AB4DC}.Debug|x86.Build.0 = Debug|Any CPU
		{E53CBA60-4E3F-49A4-AA81-3851166AB4DC}.Release|Any CPU.ActiveCfg = Release|Any CPU
		{E53CBA60-4E3F-49A4-AA81-3851166AB4DC}.Release|Any CPU.Build.0 = Release|Any CPU
		{E53CBA60-4E3F-49A4-AA81-3851166AB4DC}.Release|ARM.ActiveCfg = Release|Any CPU
		{E53CBA60-4E3F-49A4-AA81-3851166AB4DC}.Release|ARM.Build.0 = Release|Any CPU
		{E53CBA60-4E3F-49A4-AA81-3851166AB4DC}.Release|iPhone.ActiveCfg = Release|Any CPU
		{E53CBA60-4E3F-49A4-AA81-3851166AB4DC}.Release|iPhone.Build.0 = Release|Any CPU
		{E53CBA60-4E3F-49A4-AA81-3851166AB4DC}.Release|iPhoneSimulator.ActiveCfg = Release|Any CPU
		{E53CBA60-4E3F-49A4-AA81-3851166AB4DC}.Release|iPhoneSimulator.Build.0 = Release|Any CPU
		{E53CBA60-4E3F-49A4-AA81-3851166AB4DC}.Release|x64.ActiveCfg = Release|Any CPU
		{E53CBA60-4E3F-49A4-AA81-3851166AB4DC}.Release|x64.Build.0 = Release|Any CPU
		{E53CBA60-4E3F-49A4-AA81-3851166AB4DC}.Release|x86.ActiveCfg = Release|Any CPU
		{E53CBA60-4E3F-49A4-AA81-3851166AB4DC}.Release|x86.Build.0 = Release|Any CPU
	EndGlobalSection
	GlobalSection(SolutionProperties) = preSolution
		HideSolutionNode = FALSE
	EndGlobalSection
	GlobalSection(NestedProjects) = preSolution
		{FA968000-FE54-49E0-AAAF-BF8FD19A4AB5} = {DDCDF8D9-2360-4927-ACC4-12EB30D9949E}
		{5B607B22-CE48-40FB-95FA-DF30C9804991} = {32E260D8-D031-4FD6-A3F7-CB97CF1EC5BA}
		{C1545181-3765-4D81-8ECE-CF280B701721} = {32E260D8-D031-4FD6-A3F7-CB97CF1EC5BA}
		{1D1ADB98-FD32-4029-8FB2-8DA679CAF467} = {32E260D8-D031-4FD6-A3F7-CB97CF1EC5BA}
		{E53CBA60-4E3F-49A4-AA81-3851166AB4DC} = {32E260D8-D031-4FD6-A3F7-CB97CF1EC5BA}
	EndGlobalSection
	GlobalSection(ExtensibilityGlobals) = postSolution
		SolutionGuid = {6F611E2F-90B7-4C26-8E66-DC212527088E}
	EndGlobalSection
EndGlobal
